
Microsoft Visual Studio Solution File, Format Version 12.00
# Visual Studio 2015
Project("{FAE04EC0-301F-11D3-BF4B-00C04F79EFBC}") = "God's Finger.CSharp.Plugins", "God's Finger.CSharp.Plugins.csproj", "{FA1F5DDF-52EB-54CF-EC1E-3FC10FB3A07F}"
EndProject
Project("{FAE04EC0-301F-11D3-BF4B-00C04F79EFBC}") = "God's Finger.CSharp", "God's Finger.CSharp.csproj", "{ED0BABF9-13AC-E3E4-0214-298CAE9A413A}"
EndProject
Project("{FAE04EC0-301F-11D3-BF4B-00C04F79EFBC}") = "God's Finger.CSharp.Editor", "God's Finger.CSharp.Editor.csproj", "{063AFDC0-B218-E276-7F09-12099172041E}"
EndProject
Global
	GlobalSection(SolutionConfigurationPlatforms) = preSolution
		Debug|Any CPU = Debug|Any CPU
		Release|Any CPU = Release|Any CPU
	EndGlobalSection
	GlobalSection(ProjectConfigurationPlatforms) = postSolution
		{FA1F5DDF-52EB-54CF-EC1E-3FC10FB3A07F}.Debug|Any CPU.ActiveCfg = Debug|Any CPU
		{FA1F5DDF-52EB-54CF-EC1E-3FC10FB3A07F}.Debug|Any CPU.Build.0 = Debug|Any CPU
		{FA1F5DDF-52EB-54CF-EC1E-3FC10FB3A07F}.Release|Any CPU.ActiveCfg = Release|Any CPU
		{FA1F5DDF-52EB-54CF-EC1E-3FC10FB3A07F}.Release|Any CPU.Build.0 = Release|Any CPU
		{ED0BABF9-13AC-E3E4-0214-298CAE9A413A}.Debug|Any CPU.ActiveCfg = Debug|Any CPU
		{ED0BABF9-13AC-E3E4-0214-298CAE9A413A}.Debug|Any CPU.Build.0 = Debug|Any CPU
		{ED0BABF9-13AC-E3E4-0214-298CAE9A413A}.Release|Any CPU.ActiveCfg = Release|Any CPU
		{ED0BABF9-13AC-E3E4-0214-298CAE9A413A}.Release|Any CPU.Build.0 = Release|Any CPU
		{063AFDC0-B218-E276-7F09-12099172041E}.Debug|Any CPU.ActiveCfg = Debug|Any CPU
		{063AFDC0-B218-E276-7F09-12099172041E}.Debug|Any CPU.Build.0 = Debug|Any CPU
		{063AFDC0-B218-E276-7F09-12099172041E}.Release|Any CPU.ActiveCfg = Release|Any CPU
		{063AFDC0-B218-E276-7F09-12099172041E}.Release|Any CPU.Build.0 = Release|Any CPU
	EndGlobalSection
	GlobalSection(SolutionProperties) = preSolution
		HideSolutionNode = FALSE
	EndGlobalSection
EndGlobal
